
Microsoft Visual Studio Solution File, Format Version 12.00
# Visual Studio Version 17
VisualStudioVersion = 17.12.35707.178
MinimumVisualStudioVersion = 10.0.40219.1
Project("{2150E333-8FDC-42A3-9474-1A3956D46DE8}") = "Healan", "Healan", "{953A969D-8533-44A6-8AC2-45D30E3C8467}"
EndProject
Project("{2150E333-8FDC-42A3-9474-1A3956D46DE8}") = "FileManager", "FileManager", "{D040CFB4-83A8-409D-8D70-038A843A5F32}"
EndProject
Project("{2150E333-8FDC-42A3-9474-1A3956D46DE8}") = "IdentityProvider", "IdentityProvider", "{31A68755-2EDD-4FD5-B556-C5458299ACE3}"
EndProject
Project("{2150E333-8FDC-42A3-9474-1A3956D46DE8}") = "Share", "Share", "{B990B429-2A9A-46AF-AEF4-736656A808CD}"
EndProject
Project("{2150E333-8FDC-42A3-9474-1A3956D46DE8}") = "src", "src", "{4ABF9B95-0AD6-460D-B325-2D71E4A60700}"
EndProject
Project("{2150E333-8FDC-42A3-9474-1A3956D46DE8}") = "test", "test", "{692D6891-9D30-450F-A6C8-8E78CC4ABFC1}"
EndProject
Project("{2150E333-8FDC-42A3-9474-1A3956D46DE8}") = "src", "src", "{7F228B35-0CF2-4B68-A078-08438A97E0E9}"
EndProject
Project("{2150E333-8FDC-42A3-9474-1A3956D46DE8}") = "test", "test", "{8909B252-894A-49F5-9F68-D1DFBEB2302A}"
EndProject
Project("{2150E333-8FDC-42A3-9474-1A3956D46DE8}") = "src", "src", "{DDD5F08C-D5B0-4ACF-A124-8E6A8E9E0F53}"
EndProject
Project("{2150E333-8FDC-42A3-9474-1A3956D46DE8}") = "test", "test", "{8197D5BC-694A-4F29-AAC7-EB9029149AA3}"
EndProject
Project("{2150E333-8FDC-42A3-9474-1A3956D46DE8}") = "src", "src", "{5DA8617A-419F-4ACE-B5C2-DF9760F6C9A8}"
EndProject
Project("{2150E333-8FDC-42A3-9474-1A3956D46DE8}") = "test", "test", "{958B8333-75B4-4E4A-88E2-BD0D7E243282}"
EndProject
Project("{FAE04EC0-301F-11D3-BF4B-00C04F79EFBC}") = "Share.Domain", "Backend\Share\src\Share.Domain\Share.Domain.csproj", "{58562D83-B04A-4DCA-BFD8-C5DFCDEBD787}"
EndProject
Project("{FAE04EC0-301F-11D3-BF4B-00C04F79EFBC}") = "Share.Application", "Backend\Share\src\Share.Application\Share.Application.csproj", "{F1E21945-C475-4451-A28F-3FE04A0D1497}"
EndProject
Project("{FAE04EC0-301F-11D3-BF4B-00C04F79EFBC}") = "Share.Infrastructure", "Backend\Share\src\Share.Infrastructure\Share.Infrastructure.csproj", "{CC74F3F0-C160-49E8-8F23-72D9006EEA94}"
EndProject
Project("{FAE04EC0-301F-11D3-BF4B-00C04F79EFBC}") = "Share.MessageBroker.RabbitMQ", "Backend\Share\src\Share.MessageBroker.RabbitMQ\Share.MessageBroker.RabbitMQ.csproj", "{E3493871-83C7-43BB-AB33-DA80EDDCD8C9}"
EndProject
Project("{FAE04EC0-301F-11D3-BF4B-00C04F79EFBC}") = "IdentityServer.Domain", "Backend\IdentityProvider\src\IdentityServer.Domain\IdentityServer.Domain.csproj", "{015F4D82-9541-45DF-82D5-9D3143E0F5D7}"
EndProject
Project("{FAE04EC0-301F-11D3-BF4B-00C04F79EFBC}") = "IdentityServer.Application", "Backend\IdentityProvider\src\IdentityServer.Application\IdentityServer.Application.csproj", "{D174F6B5-B9BB-45A5-8765-801B7F4F0D1B}"
EndProject
Project("{FAE04EC0-301F-11D3-BF4B-00C04F79EFBC}") = "IdentityServer.ApplicationPolicy", "Backend\IdentityProvider\src\IdentityServer.ApplicationPolicy\IdentityServer.ApplicationPolicy.csproj", "{5FAF2BFC-1A59-442D-A9BA-B4E784468831}"
EndProject
Project("{FAE04EC0-301F-11D3-BF4B-00C04F79EFBC}") = "IdentityServer.GrpcClient", "Backend\IdentityProvider\src\IdentityServer.GrpcClient\IdentityServer.GrpcClient.csproj", "{2DF17629-D208-4433-B882-1F564F69EC2E}"
EndProject
Project("{FAE04EC0-301F-11D3-BF4B-00C04F79EFBC}") = "IdentityServer.GrpcServer", "Backend\IdentityProvider\src\IdentityServer.GrpcServer\IdentityServer.GrpcServer.csproj", "{D111F937-FF94-4BB7-8BBE-601F5F87475E}"
EndProject
Project("{FAE04EC0-301F-11D3-BF4B-00C04F79EFBC}") = "IdentityServer.UserManagerAPI", "Backend\IdentityProvider\src\IdentityServer.UserManagerAPI\IdentityServer.UserManagerAPI.csproj", "{2ACB3C68-EDC4-4BEC-80AB-B842410ED1D8}"
EndProject
Project("{FAE04EC0-301F-11D3-BF4B-00C04F79EFBC}") = "IdentityServer", "Backend\IdentityProvider\src\IdentityServer\IdentityServer.csproj", "{C9428517-C799-449E-B870-28F462E2FB87}"
EndProject
Project("{2150E333-8FDC-42A3-9474-1A3956D46DE8}") = "WorkFlow", "WorkFlow", "{07ACDF19-F2B0-442B-AC6C-60C9D62B1D00}"
EndProject
Project("{2150E333-8FDC-42A3-9474-1A3956D46DE8}") = "src", "src", "{D686670F-D776-40AA-9436-7786FCC7E7A7}"
EndProject
Project("{2150E333-8FDC-42A3-9474-1A3956D46DE8}") = "test", "test", "{AC4B34F6-0252-4CB6-A541-67D810CD4797}"
EndProject
Project("{FAE04EC0-301F-11D3-BF4B-00C04F79EFBC}") = "WorkFlow.Domain", "Backend\WorkFlow\src\WorkFlow.Domain\WorkFlow.Domain.csproj", "{8B698A0D-D38E-40DC-9AC8-1846E2026A01}"
EndProject
Project("{FAE04EC0-301F-11D3-BF4B-00C04F79EFBC}") = "WorkFlow.Application", "Backend\WorkFlow\src\WorkFlow.Application\WorkFlow.Application.csproj", "{C1747847-D257-4993-9FB5-5F8453275127}"
EndProject
Project("{FAE04EC0-301F-11D3-BF4B-00C04F79EFBC}") = "WorkFlow.Infrastructure", "Backend\WorkFlow\src\WorkFlow.Infrastructure\WorkFlow.Infrastructure.csproj", "{5BD1B061-D01F-40FF-9337-E05E777EB886}"
EndProject
Project("{FAE04EC0-301F-11D3-BF4B-00C04F79EFBC}") = "WorkFlow.Share", "Backend\WorkFlow\src\WorkFlow.Share\WorkFlow.Share.csproj", "{CF039940-5AC9-4FE0-9A26-77953A5A2051}"
EndProject
Project("{FAE04EC0-301F-11D3-BF4B-00C04F79EFBC}") = "WorkFlow.WebUI", "Backend\WorkFlow\src\WorkFlow.WebUI\WorkFlow.WebUI.csproj", "{B99283E0-10D3-4DCD-9A58-75C9D0722519}"
EndProject
Project("{FAE04EC0-301F-11D3-BF4B-00C04F79EFBC}") = "FileManager.Domain", "Backend\FileManager\src\FileManager.Domain\FileManager.Domain.csproj", "{062522FF-95D0-44FD-B48A-D1018EBE6288}"
EndProject
Project("{FAE04EC0-301F-11D3-BF4B-00C04F79EFBC}") = "FileManager.Infrastructure", "Backend\FileManager\src\FileManager.Infrastructure\FileManager.Infrastructure.csproj", "{8E8D357D-F062-4E9C-8994-7D1BC4D04707}"
EndProject
Project("{FAE04EC0-301F-11D3-BF4B-00C04F79EFBC}") = "FileManager.GrpcClient", "Backend\FileManager\src\FileManager.GrpcClient\FileManager.GrpcClient.csproj", "{EF0400CF-B692-4F79-97D5-F4BCDB86C71C}"
EndProject
Project("{FAE04EC0-301F-11D3-BF4B-00C04F79EFBC}") = "FileManager.GrpcServer", "Backend\FileManager\src\FileManager.GrpcServer\FileManager.GrpcServer.csproj", "{45AF5086-C486-46B5-956C-E2C839CB13C6}"
EndProject
Project("{FAE04EC0-301F-11D3-BF4B-00C04F79EFBC}") = "FileManager.WebUI", "Backend\FileManager\src\FileManager.WebUI\FileManager.WebUI.csproj", "{F86207D8-A9FF-41D8-A571-B2DA7FA56120}"
EndProject
Project("{FAE04EC0-301F-11D3-BF4B-00C04F79EFBC}") = "Healan.Domain", "Backend\Healan\src\Healan.Domain\Healan.Domain.csproj", "{42680DCA-5ADA-45D0-B333-C8F753F95F9F}"
EndProject
Project("{FAE04EC0-301F-11D3-BF4B-00C04F79EFBC}") = "Healan.Application", "Backend\Healan\src\Healan.Application\Healan.Application.csproj", "{3C333E73-B546-4349-93C9-D9B7BB48BCB7}"
EndProject
Project("{FAE04EC0-301F-11D3-BF4B-00C04F79EFBC}") = "Healan.Infrastructure", "Backend\Healan\src\Healan.Infrastructure\Healan.Infrastructure.csproj", "{D10FA0F1-3869-4853-89BB-461148D8F557}"
EndProject
Project("{FAE04EC0-301F-11D3-BF4B-00C04F79EFBC}") = "Healan.WebApi", "Backend\Healan\src\Healan.WebApi\Healan.WebApi.csproj", "{4F949A7C-7B04-47A4-A1FB-72D804FEDD37}"
EndProject
Project("{2150E333-8FDC-42A3-9474-1A3956D46DE8}") = "CaptchaProvider", "CaptchaProvider", "{73CA9D6A-316B-4873-B33F-C9E010787924}"
EndProject
Project("{FAE04EC0-301F-11D3-BF4B-00C04F79EFBC}") = "CaptchaGen.NetCore", "Backend\CaptchaProvider\CaptchaGen.NetCore\CaptchaGen.NetCore.csproj", "{F7AA23F3-506D-49A4-A954-2D85441193A4}"
EndProject
Project("{FAE04EC0-301F-11D3-BF4B-00C04F79EFBC}") = "CaptchaProvider.Domain", "Backend\CaptchaProvider\CaptchaProvider.Domain\CaptchaProvider.Domain.csproj", "{0DEE2DF2-CBC4-4D97-9242-4A05D818FDEF}"
EndProject
Project("{FAE04EC0-301F-11D3-BF4B-00C04F79EFBC}") = "CaptchaProvider.Infrastructure", "Backend\CaptchaProvider\CaptchaProvider.Infrastructure\CaptchaProvider.Infrastructure.csproj", "{6DAB5563-365A-4C08-A4E3-4D05DCF8D170}"
EndProject
Project("{FAE04EC0-301F-11D3-BF4B-00C04F79EFBC}") = "CaptchaProvider.WebUI", "Backend\CaptchaProvider\CaptchaProvider.WebUI\CaptchaProvider.WebUI.csproj", "{0A398A8A-A396-4788-ACA4-81DA203B1DBF}"
EndProject
Project("{2150E333-8FDC-42A3-9474-1A3956D46DE8}") = "Notification", "Notification", "{B2592B1C-D03A-41F1-AFAA-7FDC23938F45}"
EndProject
Project("{FAE04EC0-301F-11D3-BF4B-00C04F79EFBC}") = "Notification.Application", "Backend\Notification\Notification.Application\Notification.Application.csproj", "{9EAF9059-B770-48AA-BC94-6FB66A42D10F}"
EndProject
Project("{FAE04EC0-301F-11D3-BF4B-00C04F79EFBC}") = "Notification.Infrastructure", "Backend\Notification\Notification.Infrastructure\Notification.Infrastructure.csproj", "{680C47FB-C54D-4BA4-BF4B-69BB5B20B6CC}"
EndProject
Project("{FAE04EC0-301F-11D3-BF4B-00C04F79EFBC}") = "Notification.WebApp", "Backend\Notification\Notification.WebApp\Notification.WebApp.csproj", "{DCB5EFF8-FF13-4949-A97A-FA05FA4A307C}"
EndProject
Project("{2150E333-8FDC-42A3-9474-1A3956D46DE8}") = "Backend", "Backend", "{1AE8ACA6-933B-BF2A-3671-3E2EAC007D16}"
EndProject
Project("{2150E333-8FDC-42A3-9474-1A3956D46DE8}") = "SMSProvider", "SMSProvider", "{060F6D60-BD41-7F92-DB19-802356C054E0}"
EndProject
Project("{FAE04EC0-301F-11D3-BF4B-00C04F79EFBC}") = "SMSProvider.Application", "Backend\SMSProvider\SMSProvider.Application\SMSProvider.Application.csproj", "{829D9FC7-C7F6-4772-8DA1-279AB7FF7FFC}"
EndProject
Project("{FAE04EC0-301F-11D3-BF4B-00C04F79EFBC}") = "SMSProvider.Infrastructure", "Backend\SMSProvider\SMSProvider.Infrastructure\SMSProvider.Infrastructure.csproj", "{D19DA0FA-75AE-4F6C-8A5B-0BA57AD2CA3F}"
EndProject
Project("{FAE04EC0-301F-11D3-BF4B-00C04F79EFBC}") = "SMSProvider.WebApp", "Backend\SMSProvider\SMSProvider.WebApp\SMSProvider.WebApp.csproj", "{2BF86411-B1CB-4A75-9A84-0BD9D9068B8A}"
EndProject
Global
	GlobalSection(SolutionConfigurationPlatforms) = preSolution
		Debug|Any CPU = Debug|Any CPU
		Debug|x64 = Debug|x64
		Debug|x86 = Debug|x86
		Release|Any CPU = Release|Any CPU
		Release|x64 = Release|x64
		Release|x86 = Release|x86
	EndGlobalSection
	GlobalSection(ProjectConfigurationPlatforms) = postSolution
		{58562D83-B04A-4DCA-BFD8-C5DFCDEBD787}.Debug|Any CPU.ActiveCfg = Debug|Any CPU
		{58562D83-B04A-4DCA-BFD8-C5DFCDEBD787}.Debug|Any CPU.Build.0 = Debug|Any CPU
		{58562D83-B04A-4DCA-BFD8-C5DFCDEBD787}.Debug|x64.ActiveCfg = Debug|Any CPU
		{58562D83-B04A-4DCA-BFD8-C5DFCDEBD787}.Debug|x64.Build.0 = Debug|Any CPU
		{58562D83-B04A-4DCA-BFD8-C5DFCDEBD787}.Debug|x86.ActiveCfg = Debug|Any CPU
		{58562D83-B04A-4DCA-BFD8-C5DFCDEBD787}.Debug|x86.Build.0 = Debug|Any CPU
		{58562D83-B04A-4DCA-BFD8-C5DFCDEBD787}.Release|Any CPU.ActiveCfg = Release|Any CPU
		{58562D83-B04A-4DCA-BFD8-C5DFCDEBD787}.Release|Any CPU.Build.0 = Release|Any CPU
		{58562D83-B04A-4DCA-BFD8-C5DFCDEBD787}.Release|x64.ActiveCfg = Release|Any CPU
		{58562D83-B04A-4DCA-BFD8-C5DFCDEBD787}.Release|x64.Build.0 = Release|Any CPU
		{58562D83-B04A-4DCA-BFD8-C5DFCDEBD787}.Release|x86.ActiveCfg = Release|Any CPU
		{58562D83-B04A-4DCA-BFD8-C5DFCDEBD787}.Release|x86.Build.0 = Release|Any CPU
		{F1E21945-C475-4451-A28F-3FE04A0D1497}.Debug|Any CPU.ActiveCfg = Debug|Any CPU
		{F1E21945-C475-4451-A28F-3FE04A0D1497}.Debug|Any CPU.Build.0 = Debug|Any CPU
		{F1E21945-C475-4451-A28F-3FE04A0D1497}.Debug|x64.ActiveCfg = Debug|Any CPU
		{F1E21945-C475-4451-A28F-3FE04A0D1497}.Debug|x64.Build.0 = Debug|Any CPU
		{F1E21945-C475-4451-A28F-3FE04A0D1497}.Debug|x86.ActiveCfg = Debug|Any CPU
		{F1E21945-C475-4451-A28F-3FE04A0D1497}.Debug|x86.Build.0 = Debug|Any CPU
		{F1E21945-C475-4451-A28F-3FE04A0D1497}.Release|Any CPU.ActiveCfg = Release|Any CPU
		{F1E21945-C475-4451-A28F-3FE04A0D1497}.Release|Any CPU.Build.0 = Release|Any CPU
		{F1E21945-C475-4451-A28F-3FE04A0D1497}.Release|x64.ActiveCfg = Release|Any CPU
		{F1E21945-C475-4451-A28F-3FE04A0D1497}.Release|x64.Build.0 = Release|Any CPU
		{F1E21945-C475-4451-A28F-3FE04A0D1497}.Release|x86.ActiveCfg = Release|Any CPU
		{F1E21945-C475-4451-A28F-3FE04A0D1497}.Release|x86.Build.0 = Release|Any CPU
		{CC74F3F0-C160-49E8-8F23-72D9006EEA94}.Debug|Any CPU.ActiveCfg = Debug|Any CPU
		{CC74F3F0-C160-49E8-8F23-72D9006EEA94}.Debug|Any CPU.Build.0 = Debug|Any CPU
		{CC74F3F0-C160-49E8-8F23-72D9006EEA94}.Debug|x64.ActiveCfg = Debug|Any CPU
		{CC74F3F0-C160-49E8-8F23-72D9006EEA94}.Debug|x64.Build.0 = Debug|Any CPU
		{CC74F3F0-C160-49E8-8F23-72D9006EEA94}.Debug|x86.ActiveCfg = Debug|Any CPU
		{CC74F3F0-C160-49E8-8F23-72D9006EEA94}.Debug|x86.Build.0 = Debug|Any CPU
		{CC74F3F0-C160-49E8-8F23-72D9006EEA94}.Release|Any CPU.ActiveCfg = Release|Any CPU
		{CC74F3F0-C160-49E8-8F23-72D9006EEA94}.Release|Any CPU.Build.0 = Release|Any CPU
		{CC74F3F0-C160-49E8-8F23-72D9006EEA94}.Release|x64.ActiveCfg = Release|Any CPU
		{CC74F3F0-C160-49E8-8F23-72D9006EEA94}.Release|x64.Build.0 = Release|Any CPU
		{CC74F3F0-C160-49E8-8F23-72D9006EEA94}.Release|x86.ActiveCfg = Release|Any CPU
		{CC74F3F0-C160-49E8-8F23-72D9006EEA94}.Release|x86.Build.0 = Release|Any CPU
		{E3493871-83C7-43BB-AB33-DA80EDDCD8C9}.Debug|Any CPU.ActiveCfg = Debug|Any CPU
		{E3493871-83C7-43BB-AB33-DA80EDDCD8C9}.Debug|Any CPU.Build.0 = Debug|Any CPU
		{E3493871-83C7-43BB-AB33-DA80EDDCD8C9}.Debug|x64.ActiveCfg = Debug|Any CPU
		{E3493871-83C7-43BB-AB33-DA80EDDCD8C9}.Debug|x64.Build.0 = Debug|Any CPU
		{E3493871-83C7-43BB-AB33-DA80EDDCD8C9}.Debug|x86.ActiveCfg = Debug|Any CPU
		{E3493871-83C7-43BB-AB33-DA80EDDCD8C9}.Debug|x86.Build.0 = Debug|Any CPU
		{E3493871-83C7-43BB-AB33-DA80EDDCD8C9}.Release|Any CPU.ActiveCfg = Release|Any CPU
		{E3493871-83C7-43BB-AB33-DA80EDDCD8C9}.Release|Any CPU.Build.0 = Release|Any CPU
		{E3493871-83C7-43BB-AB33-DA80EDDCD8C9}.Release|x64.ActiveCfg = Release|Any CPU
		{E3493871-83C7-43BB-AB33-DA80EDDCD8C9}.Release|x64.Build.0 = Release|Any CPU
		{E3493871-83C7-43BB-AB33-DA80EDDCD8C9}.Release|x86.ActiveCfg = Release|Any CPU
		{E3493871-83C7-43BB-AB33-DA80EDDCD8C9}.Release|x86.Build.0 = Release|Any CPU
		{015F4D82-9541-45DF-82D5-9D3143E0F5D7}.Debug|Any CPU.ActiveCfg = Debug|Any CPU
		{015F4D82-9541-45DF-82D5-9D3143E0F5D7}.Debug|Any CPU.Build.0 = Debug|Any CPU
		{015F4D82-9541-45DF-82D5-9D3143E0F5D7}.Debug|x64.ActiveCfg = Debug|Any CPU
		{015F4D82-9541-45DF-82D5-9D3143E0F5D7}.Debug|x64.Build.0 = Debug|Any CPU
		{015F4D82-9541-45DF-82D5-9D3143E0F5D7}.Debug|x86.ActiveCfg = Debug|Any CPU
		{015F4D82-9541-45DF-82D5-9D3143E0F5D7}.Debug|x86.Build.0 = Debug|Any CPU
		{015F4D82-9541-45DF-82D5-9D3143E0F5D7}.Release|Any CPU.ActiveCfg = Release|Any CPU
		{015F4D82-9541-45DF-82D5-9D3143E0F5D7}.Release|Any CPU.Build.0 = Release|Any CPU
		{015F4D82-9541-45DF-82D5-9D3143E0F5D7}.Release|x64.ActiveCfg = Release|Any CPU
		{015F4D82-9541-45DF-82D5-9D3143E0F5D7}.Release|x64.Build.0 = Release|Any CPU
		{015F4D82-9541-45DF-82D5-9D3143E0F5D7}.Release|x86.ActiveCfg = Release|Any CPU
		{015F4D82-9541-45DF-82D5-9D3143E0F5D7}.Release|x86.Build.0 = Release|Any CPU
		{D174F6B5-B9BB-45A5-8765-801B7F4F0D1B}.Debug|Any CPU.ActiveCfg = Debug|Any CPU
		{D174F6B5-B9BB-45A5-8765-801B7F4F0D1B}.Debug|Any CPU.Build.0 = Debug|Any CPU
		{D174F6B5-B9BB-45A5-8765-801B7F4F0D1B}.Debug|x64.ActiveCfg = Debug|Any CPU
		{D174F6B5-B9BB-45A5-8765-801B7F4F0D1B}.Debug|x64.Build.0 = Debug|Any CPU
		{D174F6B5-B9BB-45A5-8765-801B7F4F0D1B}.Debug|x86.ActiveCfg = Debug|Any CPU
		{D174F6B5-B9BB-45A5-8765-801B7F4F0D1B}.Debug|x86.Build.0 = Debug|Any CPU
		{D174F6B5-B9BB-45A5-8765-801B7F4F0D1B}.Release|Any CPU.ActiveCfg = Release|Any CPU
		{D174F6B5-B9BB-45A5-8765-801B7F4F0D1B}.Release|Any CPU.Build.0 = Release|Any CPU
		{D174F6B5-B9BB-45A5-8765-801B7F4F0D1B}.Release|x64.ActiveCfg = Release|Any CPU
		{D174F6B5-B9BB-45A5-8765-801B7F4F0D1B}.Release|x64.Build.0 = Release|Any CPU
		{D174F6B5-B9BB-45A5-8765-801B7F4F0D1B}.Release|x86.ActiveCfg = Release|Any CPU
		{D174F6B5-B9BB-45A5-8765-801B7F4F0D1B}.Release|x86.Build.0 = Release|Any CPU
		{5FAF2BFC-1A59-442D-A9BA-B4E784468831}.Debug|Any CPU.ActiveCfg = Debug|Any CPU
		{5FAF2BFC-1A59-442D-A9BA-B4E784468831}.Debug|Any CPU.Build.0 = Debug|Any CPU
		{5FAF2BFC-1A59-442D-A9BA-B4E784468831}.Debug|x64.ActiveCfg = Debug|Any CPU
		{5FAF2BFC-1A59-442D-A9BA-B4E784468831}.Debug|x64.Build.0 = Debug|Any CPU
		{5FAF2BFC-1A59-442D-A9BA-B4E784468831}.Debug|x86.ActiveCfg = Debug|Any CPU
		{5FAF2BFC-1A59-442D-A9BA-B4E784468831}.Debug|x86.Build.0 = Debug|Any CPU
		{5FAF2BFC-1A59-442D-A9BA-B4E784468831}.Release|Any CPU.ActiveCfg = Release|Any CPU
		{5FAF2BFC-1A59-442D-A9BA-B4E784468831}.Release|Any CPU.Build.0 = Release|Any CPU
		{5FAF2BFC-1A59-442D-A9BA-B4E784468831}.Release|x64.ActiveCfg = Release|Any CPU
		{5FAF2BFC-1A59-442D-A9BA-B4E784468831}.Release|x64.Build.0 = Release|Any CPU
		{5FAF2BFC-1A59-442D-A9BA-B4E784468831}.Release|x86.ActiveCfg = Release|Any CPU
		{5FAF2BFC-1A59-442D-A9BA-B4E784468831}.Release|x86.Build.0 = Release|Any CPU
		{2DF17629-D208-4433-B882-1F564F69EC2E}.Debug|Any CPU.ActiveCfg = Debug|Any CPU
		{2DF17629-D208-4433-B882-1F564F69EC2E}.Debug|Any CPU.Build.0 = Debug|Any CPU
		{2DF17629-D208-4433-B882-1F564F69EC2E}.Debug|x64.ActiveCfg = Debug|Any CPU
		{2DF17629-D208-4433-B882-1F564F69EC2E}.Debug|x64.Build.0 = Debug|Any CPU
		{2DF17629-D208-4433-B882-1F564F69EC2E}.Debug|x86.ActiveCfg = Debug|Any CPU
		{2DF17629-D208-4433-B882-1F564F69EC2E}.Debug|x86.Build.0 = Debug|Any CPU
		{2DF17629-D208-4433-B882-1F564F69EC2E}.Release|Any CPU.ActiveCfg = Release|Any CPU
		{2DF17629-D208-4433-B882-1F564F69EC2E}.Release|Any CPU.Build.0 = Release|Any CPU
		{2DF17629-D208-4433-B882-1F564F69EC2E}.Release|x64.ActiveCfg = Release|Any CPU
		{2DF17629-D208-4433-B882-1F564F69EC2E}.Release|x64.Build.0 = Release|Any CPU
		{2DF17629-D208-4433-B882-1F564F69EC2E}.Release|x86.ActiveCfg = Release|Any CPU
		{2DF17629-D208-4433-B882-1F564F69EC2E}.Release|x86.Build.0 = Release|Any CPU
		{D111F937-FF94-4BB7-8BBE-601F5F87475E}.Debug|Any CPU.ActiveCfg = Debug|Any CPU
		{D111F937-FF94-4BB7-8BBE-601F5F87475E}.Debug|Any CPU.Build.0 = Debug|Any CPU
		{D111F937-FF94-4BB7-8BBE-601F5F87475E}.Debug|x64.ActiveCfg = Debug|Any CPU
		{D111F937-FF94-4BB7-8BBE-601F5F87475E}.Debug|x64.Build.0 = Debug|Any CPU
		{D111F937-FF94-4BB7-8BBE-601F5F87475E}.Debug|x86.ActiveCfg = Debug|Any CPU
		{D111F937-FF94-4BB7-8BBE-601F5F87475E}.Debug|x86.Build.0 = Debug|Any CPU
		{D111F937-FF94-4BB7-8BBE-601F5F87475E}.Release|Any CPU.ActiveCfg = Release|Any CPU
		{D111F937-FF94-4BB7-8BBE-601F5F87475E}.Release|Any CPU.Build.0 = Release|Any CPU
		{D111F937-FF94-4BB7-8BBE-601F5F87475E}.Release|x64.ActiveCfg = Release|Any CPU
		{D111F937-FF94-4BB7-8BBE-601F5F87475E}.Release|x64.Build.0 = Release|Any CPU
		{D111F937-FF94-4BB7-8BBE-601F5F87475E}.Release|x86.ActiveCfg = Release|Any CPU
		{D111F937-FF94-4BB7-8BBE-601F5F87475E}.Release|x86.Build.0 = Release|Any CPU
		{2ACB3C68-EDC4-4BEC-80AB-B842410ED1D8}.Debug|Any CPU.ActiveCfg = Debug|Any CPU
		{2ACB3C68-EDC4-4BEC-80AB-B842410ED1D8}.Debug|Any CPU.Build.0 = Debug|Any CPU
		{2ACB3C68-EDC4-4BEC-80AB-B842410ED1D8}.Debug|x64.ActiveCfg = Debug|Any CPU
		{2ACB3C68-EDC4-4BEC-80AB-B842410ED1D8}.Debug|x64.Build.0 = Debug|Any CPU
		{2ACB3C68-EDC4-4BEC-80AB-B842410ED1D8}.Debug|x86.ActiveCfg = Debug|Any CPU
		{2ACB3C68-EDC4-4BEC-80AB-B842410ED1D8}.Debug|x86.Build.0 = Debug|Any CPU
		{2ACB3C68-EDC4-4BEC-80AB-B842410ED1D8}.Release|Any CPU.ActiveCfg = Release|Any CPU
		{2ACB3C68-EDC4-4BEC-80AB-B842410ED1D8}.Release|Any CPU.Build.0 = Release|Any CPU
		{2ACB3C68-EDC4-4BEC-80AB-B842410ED1D8}.Release|x64.ActiveCfg = Release|Any CPU
		{2ACB3C68-EDC4-4BEC-80AB-B842410ED1D8}.Release|x64.Build.0 = Release|Any CPU
		{2ACB3C68-EDC4-4BEC-80AB-B842410ED1D8}.Release|x86.ActiveCfg = Release|Any CPU
		{2ACB3C68-EDC4-4BEC-80AB-B842410ED1D8}.Release|x86.Build.0 = Release|Any CPU
		{C9428517-C799-449E-B870-28F462E2FB87}.Debug|Any CPU.ActiveCfg = Debug|Any CPU
		{C9428517-C799-449E-B870-28F462E2FB87}.Debug|Any CPU.Build.0 = Debug|Any CPU
		{C9428517-C799-449E-B870-28F462E2FB87}.Debug|x64.ActiveCfg = Debug|Any CPU
		{C9428517-C799-449E-B870-28F462E2FB87}.Debug|x64.Build.0 = Debug|Any CPU
		{C9428517-C799-449E-B870-28F462E2FB87}.Debug|x86.ActiveCfg = Debug|Any CPU
		{C9428517-C799-449E-B870-28F462E2FB87}.Debug|x86.Build.0 = Debug|Any CPU
		{C9428517-C799-449E-B870-28F462E2FB87}.Release|Any CPU.ActiveCfg = Release|Any CPU
		{C9428517-C799-449E-B870-28F462E2FB87}.Release|Any CPU.Build.0 = Release|Any CPU
		{C9428517-C799-449E-B870-28F462E2FB87}.Release|x64.ActiveCfg = Release|Any CPU
		{C9428517-C799-449E-B870-28F462E2FB87}.Release|x64.Build.0 = Release|Any CPU
		{C9428517-C799-449E-B870-28F462E2FB87}.Release|x86.ActiveCfg = Release|Any CPU
		{C9428517-C799-449E-B870-28F462E2FB87}.Release|x86.Build.0 = Release|Any CPU
		{8B698A0D-D38E-40DC-9AC8-1846E2026A01}.Debug|Any CPU.ActiveCfg = Debug|Any CPU
		{8B698A0D-D38E-40DC-9AC8-1846E2026A01}.Debug|Any CPU.Build.0 = Debug|Any CPU
		{8B698A0D-D38E-40DC-9AC8-1846E2026A01}.Debug|x64.ActiveCfg = Debug|Any CPU
		{8B698A0D-D38E-40DC-9AC8-1846E2026A01}.Debug|x64.Build.0 = Debug|Any CPU
		{8B698A0D-D38E-40DC-9AC8-1846E2026A01}.Debug|x86.ActiveCfg = Debug|Any CPU
		{8B698A0D-D38E-40DC-9AC8-1846E2026A01}.Debug|x86.Build.0 = Debug|Any CPU
		{8B698A0D-D38E-40DC-9AC8-1846E2026A01}.Release|Any CPU.ActiveCfg = Release|Any CPU
		{8B698A0D-D38E-40DC-9AC8-1846E2026A01}.Release|Any CPU.Build.0 = Release|Any CPU
		{8B698A0D-D38E-40DC-9AC8-1846E2026A01}.Release|x64.ActiveCfg = Release|Any CPU
		{8B698A0D-D38E-40DC-9AC8-1846E2026A01}.Release|x64.Build.0 = Release|Any CPU
		{8B698A0D-D38E-40DC-9AC8-1846E2026A01}.Release|x86.ActiveCfg = Release|Any CPU
		{8B698A0D-D38E-40DC-9AC8-1846E2026A01}.Release|x86.Build.0 = Release|Any CPU
		{C1747847-D257-4993-9FB5-5F8453275127}.Debug|Any CPU.ActiveCfg = Debug|Any CPU
		{C1747847-D257-4993-9FB5-5F8453275127}.Debug|Any CPU.Build.0 = Debug|Any CPU
		{C1747847-D257-4993-9FB5-5F8453275127}.Debug|x64.ActiveCfg = Debug|Any CPU
		{C1747847-D257-4993-9FB5-5F8453275127}.Debug|x64.Build.0 = Debug|Any CPU
		{C1747847-D257-4993-9FB5-5F8453275127}.Debug|x86.ActiveCfg = Debug|Any CPU
		{C1747847-D257-4993-9FB5-5F8453275127}.Debug|x86.Build.0 = Debug|Any CPU
		{C1747847-D257-4993-9FB5-5F8453275127}.Release|Any CPU.ActiveCfg = Release|Any CPU
		{C1747847-D257-4993-9FB5-5F8453275127}.Release|Any CPU.Build.0 = Release|Any CPU
		{C1747847-D257-4993-9FB5-5F8453275127}.Release|x64.ActiveCfg = Release|Any CPU
		{C1747847-D257-4993-9FB5-5F8453275127}.Release|x64.Build.0 = Release|Any CPU
		{C1747847-D257-4993-9FB5-5F8453275127}.Release|x86.ActiveCfg = Release|Any CPU
		{C1747847-D257-4993-9FB5-5F8453275127}.Release|x86.Build.0 = Release|Any CPU
		{5BD1B061-D01F-40FF-9337-E05E777EB886}.Debug|Any CPU.ActiveCfg = Debug|Any CPU
		{5BD1B061-D01F-40FF-9337-E05E777EB886}.Debug|Any CPU.Build.0 = Debug|Any CPU
		{5BD1B061-D01F-40FF-9337-E05E777EB886}.Debug|x64.ActiveCfg = Debug|Any CPU
		{5BD1B061-D01F-40FF-9337-E05E777EB886}.Debug|x64.Build.0 = Debug|Any CPU
		{5BD1B061-D01F-40FF-9337-E05E777EB886}.Debug|x86.ActiveCfg = Debug|Any CPU
		{5BD1B061-D01F-40FF-9337-E05E777EB886}.Debug|x86.Build.0 = Debug|Any CPU
		{5BD1B061-D01F-40FF-9337-E05E777EB886}.Release|Any CPU.ActiveCfg = Release|Any CPU
		{5BD1B061-D01F-40FF-9337-E05E777EB886}.Release|Any CPU.Build.0 = Release|Any CPU
		{5BD1B061-D01F-40FF-9337-E05E777EB886}.Release|x64.ActiveCfg = Release|Any CPU
		{5BD1B061-D01F-40FF-9337-E05E777EB886}.Release|x64.Build.0 = Release|Any CPU
		{5BD1B061-D01F-40FF-9337-E05E777EB886}.Release|x86.ActiveCfg = Release|Any CPU
		{5BD1B061-D01F-40FF-9337-E05E777EB886}.Release|x86.Build.0 = Release|Any CPU
		{CF039940-5AC9-4FE0-9A26-77953A5A2051}.Debug|Any CPU.ActiveCfg = Debug|Any CPU
		{CF039940-5AC9-4FE0-9A26-77953A5A2051}.Debug|Any CPU.Build.0 = Debug|Any CPU
		{CF039940-5AC9-4FE0-9A26-77953A5A2051}.Debug|x64.ActiveCfg = Debug|Any CPU
		{CF039940-5AC9-4FE0-9A26-77953A5A2051}.Debug|x64.Build.0 = Debug|Any CPU
		{CF039940-5AC9-4FE0-9A26-77953A5A2051}.Debug|x86.ActiveCfg = Debug|Any CPU
		{CF039940-5AC9-4FE0-9A26-77953A5A2051}.Debug|x86.Build.0 = Debug|Any CPU
		{CF039940-5AC9-4FE0-9A26-77953A5A2051}.Release|Any CPU.ActiveCfg = Release|Any CPU
		{CF039940-5AC9-4FE0-9A26-77953A5A2051}.Release|Any CPU.Build.0 = Release|Any CPU
		{CF039940-5AC9-4FE0-9A26-77953A5A2051}.Release|x64.ActiveCfg = Release|Any CPU
		{CF039940-5AC9-4FE0-9A26-77953A5A2051}.Release|x64.Build.0 = Release|Any CPU
		{CF039940-5AC9-4FE0-9A26-77953A5A2051}.Release|x86.ActiveCfg = Release|Any CPU
		{CF039940-5AC9-4FE0-9A26-77953A5A2051}.Release|x86.Build.0 = Release|Any CPU
		{B99283E0-10D3-4DCD-9A58-75C9D0722519}.Debug|Any CPU.ActiveCfg = Debug|Any CPU
		{B99283E0-10D3-4DCD-9A58-75C9D0722519}.Debug|Any CPU.Build.0 = Debug|Any CPU
		{B99283E0-10D3-4DCD-9A58-75C9D0722519}.Debug|x64.ActiveCfg = Debug|Any CPU
		{B99283E0-10D3-4DCD-9A58-75C9D0722519}.Debug|x64.Build.0 = Debug|Any CPU
		{B99283E0-10D3-4DCD-9A58-75C9D0722519}.Debug|x86.ActiveCfg = Debug|Any CPU
		{B99283E0-10D3-4DCD-9A58-75C9D0722519}.Debug|x86.Build.0 = Debug|Any CPU
		{B99283E0-10D3-4DCD-9A58-75C9D0722519}.Release|Any CPU.ActiveCfg = Release|Any CPU
		{B99283E0-10D3-4DCD-9A58-75C9D0722519}.Release|Any CPU.Build.0 = Release|Any CPU
		{B99283E0-10D3-4DCD-9A58-75C9D0722519}.Release|x64.ActiveCfg = Release|Any CPU
		{B99283E0-10D3-4DCD-9A58-75C9D0722519}.Release|x64.Build.0 = Release|Any CPU
		{B99283E0-10D3-4DCD-9A58-75C9D0722519}.Release|x86.ActiveCfg = Release|Any CPU
		{B99283E0-10D3-4DCD-9A58-75C9D0722519}.Release|x86.Build.0 = Release|Any CPU
		{062522FF-95D0-44FD-B48A-D1018EBE6288}.Debug|Any CPU.ActiveCfg = Debug|Any CPU
		{062522FF-95D0-44FD-B48A-D1018EBE6288}.Debug|Any CPU.Build.0 = Debug|Any CPU
		{062522FF-95D0-44FD-B48A-D1018EBE6288}.Debug|x64.ActiveCfg = Debug|Any CPU
		{062522FF-95D0-44FD-B48A-D1018EBE6288}.Debug|x64.Build.0 = Debug|Any CPU
		{062522FF-95D0-44FD-B48A-D1018EBE6288}.Debug|x86.ActiveCfg = Debug|Any CPU
		{062522FF-95D0-44FD-B48A-D1018EBE6288}.Debug|x86.Build.0 = Debug|Any CPU
		{062522FF-95D0-44FD-B48A-D1018EBE6288}.Release|Any CPU.ActiveCfg = Release|Any CPU
		{062522FF-95D0-44FD-B48A-D1018EBE6288}.Release|Any CPU.Build.0 = Release|Any CPU
		{062522FF-95D0-44FD-B48A-D1018EBE6288}.Release|x64.ActiveCfg = Release|Any CPU
		{062522FF-95D0-44FD-B48A-D1018EBE6288}.Release|x64.Build.0 = Release|Any CPU
		{062522FF-95D0-44FD-B48A-D1018EBE6288}.Release|x86.ActiveCfg = Release|Any CPU
		{062522FF-95D0-44FD-B48A-D1018EBE6288}.Release|x86.Build.0 = Release|Any CPU
		{8E8D357D-F062-4E9C-8994-7D1BC4D04707}.Debug|Any CPU.ActiveCfg = Debug|Any CPU
		{8E8D357D-F062-4E9C-8994-7D1BC4D04707}.Debug|Any CPU.Build.0 = Debug|Any CPU
		{8E8D357D-F062-4E9C-8994-7D1BC4D04707}.Debug|x64.ActiveCfg = Debug|Any CPU
		{8E8D357D-F062-4E9C-8994-7D1BC4D04707}.Debug|x64.Build.0 = Debug|Any CPU
		{8E8D357D-F062-4E9C-8994-7D1BC4D04707}.Debug|x86.ActiveCfg = Debug|Any CPU
		{8E8D357D-F062-4E9C-8994-7D1BC4D04707}.Debug|x86.Build.0 = Debug|Any CPU
		{8E8D357D-F062-4E9C-8994-7D1BC4D04707}.Release|Any CPU.ActiveCfg = Release|Any CPU
		{8E8D357D-F062-4E9C-8994-7D1BC4D04707}.Release|Any CPU.Build.0 = Release|Any CPU
		{8E8D357D-F062-4E9C-8994-7D1BC4D04707}.Release|x64.ActiveCfg = Release|Any CPU
		{8E8D357D-F062-4E9C-8994-7D1BC4D04707}.Release|x64.Build.0 = Release|Any CPU
		{8E8D357D-F062-4E9C-8994-7D1BC4D04707}.Release|x86.ActiveCfg = Release|Any CPU
		{8E8D357D-F062-4E9C-8994-7D1BC4D04707}.Release|x86.Build.0 = Release|Any CPU
		{EF0400CF-B692-4F79-97D5-F4BCDB86C71C}.Debug|Any CPU.ActiveCfg = Debug|Any CPU
		{EF0400CF-B692-4F79-97D5-F4BCDB86C71C}.Debug|Any CPU.Build.0 = Debug|Any CPU
		{EF0400CF-B692-4F79-97D5-F4BCDB86C71C}.Debug|x64.ActiveCfg = Debug|Any CPU
		{EF0400CF-B692-4F79-97D5-F4BCDB86C71C}.Debug|x64.Build.0 = Debug|Any CPU
		{EF0400CF-B692-4F79-97D5-F4BCDB86C71C}.Debug|x86.ActiveCfg = Debug|Any CPU
		{EF0400CF-B692-4F79-97D5-F4BCDB86C71C}.Debug|x86.Build.0 = Debug|Any CPU
		{EF0400CF-B692-4F79-97D5-F4BCDB86C71C}.Release|Any CPU.ActiveCfg = Release|Any CPU
		{EF0400CF-B692-4F79-97D5-F4BCDB86C71C}.Release|Any CPU.Build.0 = Release|Any CPU
		{EF0400CF-B692-4F79-97D5-F4BCDB86C71C}.Release|x64.ActiveCfg = Release|Any CPU
		{EF0400CF-B692-4F79-97D5-F4BCDB86C71C}.Release|x64.Build.0 = Release|Any CPU
		{EF0400CF-B692-4F79-97D5-F4BCDB86C71C}.Release|x86.ActiveCfg = Release|Any CPU
		{EF0400CF-B692-4F79-97D5-F4BCDB86C71C}.Release|x86.Build.0 = Release|Any CPU
		{45AF5086-C486-46B5-956C-E2C839CB13C6}.Debug|Any CPU.ActiveCfg = Debug|Any CPU
		{45AF5086-C486-46B5-956C-E2C839CB13C6}.Debug|Any CPU.Build.0 = Debug|Any CPU
		{45AF5086-C486-46B5-956C-E2C839CB13C6}.Debug|x64.ActiveCfg = Debug|Any CPU
		{45AF5086-C486-46B5-956C-E2C839CB13C6}.Debug|x64.Build.0 = Debug|Any CPU
		{45AF5086-C486-46B5-956C-E2C839CB13C6}.Debug|x86.ActiveCfg = Debug|Any CPU
		{45AF5086-C486-46B5-956C-E2C839CB13C6}.Debug|x86.Build.0 = Debug|Any CPU
		{45AF5086-C486-46B5-956C-E2C839CB13C6}.Release|Any CPU.ActiveCfg = Release|Any CPU
		{45AF5086-C486-46B5-956C-E2C839CB13C6}.Release|Any CPU.Build.0 = Release|Any CPU
		{45AF5086-C486-46B5-956C-E2C839CB13C6}.Release|x64.ActiveCfg = Release|Any CPU
		{45AF5086-C486-46B5-956C-E2C839CB13C6}.Release|x64.Build.0 = Release|Any CPU
		{45AF5086-C486-46B5-956C-E2C839CB13C6}.Release|x86.ActiveCfg = Release|Any CPU
		{45AF5086-C486-46B5-956C-E2C839CB13C6}.Release|x86.Build.0 = Release|Any CPU
		{F86207D8-A9FF-41D8-A571-B2DA7FA56120}.Debug|Any CPU.ActiveCfg = Debug|Any CPU
		{F86207D8-A9FF-41D8-A571-B2DA7FA56120}.Debug|Any CPU.Build.0 = Debug|Any CPU
		{F86207D8-A9FF-41D8-A571-B2DA7FA56120}.Debug|x64.ActiveCfg = Debug|Any CPU
		{F86207D8-A9FF-41D8-A571-B2DA7FA56120}.Debug|x64.Build.0 = Debug|Any CPU
		{F86207D8-A9FF-41D8-A571-B2DA7FA56120}.Debug|x86.ActiveCfg = Debug|Any CPU
		{F86207D8-A9FF-41D8-A571-B2DA7FA56120}.Debug|x86.Build.0 = Debug|Any CPU
		{F86207D8-A9FF-41D8-A571-B2DA7FA56120}.Release|Any CPU.ActiveCfg = Release|Any CPU
		{F86207D8-A9FF-41D8-A571-B2DA7FA56120}.Release|Any CPU.Build.0 = Release|Any CPU
		{F86207D8-A9FF-41D8-A571-B2DA7FA56120}.Release|x64.ActiveCfg = Release|Any CPU
		{F86207D8-A9FF-41D8-A571-B2DA7FA56120}.Release|x64.Build.0 = Release|Any CPU
		{F86207D8-A9FF-41D8-A571-B2DA7FA56120}.Release|x86.ActiveCfg = Release|Any CPU
		{F86207D8-A9FF-41D8-A571-B2DA7FA56120}.Release|x86.Build.0 = Release|Any CPU
		{42680DCA-5ADA-45D0-B333-C8F753F95F9F}.Debug|Any CPU.ActiveCfg = Debug|Any CPU
		{42680DCA-5ADA-45D0-B333-C8F753F95F9F}.Debug|Any CPU.Build.0 = Debug|Any CPU
		{42680DCA-5ADA-45D0-B333-C8F753F95F9F}.Debug|x64.ActiveCfg = Debug|Any CPU
		{42680DCA-5ADA-45D0-B333-C8F753F95F9F}.Debug|x64.Build.0 = Debug|Any CPU
		{42680DCA-5ADA-45D0-B333-C8F753F95F9F}.Debug|x86.ActiveCfg = Debug|Any CPU
		{42680DCA-5ADA-45D0-B333-C8F753F95F9F}.Debug|x86.Build.0 = Debug|Any CPU
		{42680DCA-5ADA-45D0-B333-C8F753F95F9F}.Release|Any CPU.ActiveCfg = Release|Any CPU
		{42680DCA-5ADA-45D0-B333-C8F753F95F9F}.Release|Any CPU.Build.0 = Release|Any CPU
		{42680DCA-5ADA-45D0-B333-C8F753F95F9F}.Release|x64.ActiveCfg = Release|Any CPU
		{42680DCA-5ADA-45D0-B333-C8F753F95F9F}.Release|x64.Build.0 = Release|Any CPU
		{42680DCA-5ADA-45D0-B333-C8F753F95F9F}.Release|x86.ActiveCfg = Release|Any CPU
		{42680DCA-5ADA-45D0-B333-C8F753F95F9F}.Release|x86.Build.0 = Release|Any CPU
		{3C333E73-B546-4349-93C9-D9B7BB48BCB7}.Debug|Any CPU.ActiveCfg = Debug|Any CPU
		{3C333E73-B546-4349-93C9-D9B7BB48BCB7}.Debug|Any CPU.Build.0 = Debug|Any CPU
		{3C333E73-B546-4349-93C9-D9B7BB48BCB7}.Debug|x64.ActiveCfg = Debug|Any CPU
		{3C333E73-B546-4349-93C9-D9B7BB48BCB7}.Debug|x64.Build.0 = Debug|Any CPU
		{3C333E73-B546-4349-93C9-D9B7BB48BCB7}.Debug|x86.ActiveCfg = Debug|Any CPU
		{3C333E73-B546-4349-93C9-D9B7BB48BCB7}.Debug|x86.Build.0 = Debug|Any CPU
		{3C333E73-B546-4349-93C9-D9B7BB48BCB7}.Release|Any CPU.ActiveCfg = Release|Any CPU
		{3C333E73-B546-4349-93C9-D9B7BB48BCB7}.Release|Any CPU.Build.0 = Release|Any CPU
		{3C333E73-B546-4349-93C9-D9B7BB48BCB7}.Release|x64.ActiveCfg = Release|Any CPU
		{3C333E73-B546-4349-93C9-D9B7BB48BCB7}.Release|x64.Build.0 = Release|Any CPU
		{3C333E73-B546-4349-93C9-D9B7BB48BCB7}.Release|x86.ActiveCfg = Release|Any CPU
		{3C333E73-B546-4349-93C9-D9B7BB48BCB7}.Release|x86.Build.0 = Release|Any CPU
		{D10FA0F1-3869-4853-89BB-461148D8F557}.Debug|Any CPU.ActiveCfg = Debug|Any CPU
		{D10FA0F1-3869-4853-89BB-461148D8F557}.Debug|Any CPU.Build.0 = Debug|Any CPU
		{D10FA0F1-3869-4853-89BB-461148D8F557}.Debug|x64.ActiveCfg = Debug|Any CPU
		{D10FA0F1-3869-4853-89BB-461148D8F557}.Debug|x64.Build.0 = Debug|Any CPU
		{D10FA0F1-3869-4853-89BB-461148D8F557}.Debug|x86.ActiveCfg = Debug|Any CPU
		{D10FA0F1-3869-4853-89BB-461148D8F557}.Debug|x86.Build.0 = Debug|Any CPU
		{D10FA0F1-3869-4853-89BB-461148D8F557}.Release|Any CPU.ActiveCfg = Release|Any CPU
		{D10FA0F1-3869-4853-89BB-461148D8F557}.Release|Any CPU.Build.0 = Release|Any CPU
		{D10FA0F1-3869-4853-89BB-461148D8F557}.Release|x64.ActiveCfg = Release|Any CPU
		{D10FA0F1-3869-4853-89BB-461148D8F557}.Release|x64.Build.0 = Release|Any CPU
		{D10FA0F1-3869-4853-89BB-461148D8F557}.Release|x86.ActiveCfg = Release|Any CPU
		{D10FA0F1-3869-4853-89BB-461148D8F557}.Release|x86.Build.0 = Release|Any CPU
		{4F949A7C-7B04-47A4-A1FB-72D804FEDD37}.Debug|Any CPU.ActiveCfg = Debug|Any CPU
		{4F949A7C-7B04-47A4-A1FB-72D804FEDD37}.Debug|Any CPU.Build.0 = Debug|Any CPU
		{4F949A7C-7B04-47A4-A1FB-72D804FEDD37}.Debug|x64.ActiveCfg = Debug|Any CPU
		{4F949A7C-7B04-47A4-A1FB-72D804FEDD37}.Debug|x64.Build.0 = Debug|Any CPU
		{4F949A7C-7B04-47A4-A1FB-72D804FEDD37}.Debug|x86.ActiveCfg = Debug|Any CPU
		{4F949A7C-7B04-47A4-A1FB-72D804FEDD37}.Debug|x86.Build.0 = Debug|Any CPU
		{4F949A7C-7B04-47A4-A1FB-72D804FEDD37}.Release|Any CPU.ActiveCfg = Release|Any CPU
		{4F949A7C-7B04-47A4-A1FB-72D804FEDD37}.Release|Any CPU.Build.0 = Release|Any CPU
		{4F949A7C-7B04-47A4-A1FB-72D804FEDD37}.Release|x64.ActiveCfg = Release|Any CPU
		{4F949A7C-7B04-47A4-A1FB-72D804FEDD37}.Release|x64.Build.0 = Release|Any CPU
		{4F949A7C-7B04-47A4-A1FB-72D804FEDD37}.Release|x86.ActiveCfg = Release|Any CPU
		{4F949A7C-7B04-47A4-A1FB-72D804FEDD37}.Release|x86.Build.0 = Release|Any CPU
		{F7AA23F3-506D-49A4-A954-2D85441193A4}.Debug|Any CPU.ActiveCfg = Debug|Any CPU
		{F7AA23F3-506D-49A4-A954-2D85441193A4}.Debug|Any CPU.Build.0 = Debug|Any CPU
		{F7AA23F3-506D-49A4-A954-2D85441193A4}.Debug|x64.ActiveCfg = Debug|Any CPU
		{F7AA23F3-506D-49A4-A954-2D85441193A4}.Debug|x64.Build.0 = Debug|Any CPU
		{F7AA23F3-506D-49A4-A954-2D85441193A4}.Debug|x86.ActiveCfg = Debug|Any CPU
		{F7AA23F3-506D-49A4-A954-2D85441193A4}.Debug|x86.Build.0 = Debug|Any CPU
		{F7AA23F3-506D-49A4-A954-2D85441193A4}.Release|Any CPU.ActiveCfg = Release|Any CPU
		{F7AA23F3-506D-49A4-A954-2D85441193A4}.Release|Any CPU.Build.0 = Release|Any CPU
		{F7AA23F3-506D-49A4-A954-2D85441193A4}.Release|x64.ActiveCfg = Release|Any CPU
		{F7AA23F3-506D-49A4-A954-2D85441193A4}.Release|x64.Build.0 = Release|Any CPU
		{F7AA23F3-506D-49A4-A954-2D85441193A4}.Release|x86.ActiveCfg = Release|Any CPU
		{F7AA23F3-506D-49A4-A954-2D85441193A4}.Release|x86.Build.0 = Release|Any CPU
		{0DEE2DF2-CBC4-4D97-9242-4A05D818FDEF}.Debug|Any CPU.ActiveCfg = Debug|Any CPU
		{0DEE2DF2-CBC4-4D97-9242-4A05D818FDEF}.Debug|Any CPU.Build.0 = Debug|Any CPU
		{0DEE2DF2-CBC4-4D97-9242-4A05D818FDEF}.Debug|x64.ActiveCfg = Debug|Any CPU
		{0DEE2DF2-CBC4-4D97-9242-4A05D818FDEF}.Debug|x64.Build.0 = Debug|Any CPU
		{0DEE2DF2-CBC4-4D97-9242-4A05D818FDEF}.Debug|x86.ActiveCfg = Debug|Any CPU
		{0DEE2DF2-CBC4-4D97-9242-4A05D818FDEF}.Debug|x86.Build.0 = Debug|Any CPU
		{0DEE2DF2-CBC4-4D97-9242-4A05D818FDEF}.Release|Any CPU.ActiveCfg = Release|Any CPU
		{0DEE2DF2-CBC4-4D97-9242-4A05D818FDEF}.Release|Any CPU.Build.0 = Release|Any CPU
		{0DEE2DF2-CBC4-4D97-9242-4A05D818FDEF}.Release|x64.ActiveCfg = Release|Any CPU
		{0DEE2DF2-CBC4-4D97-9242-4A05D818FDEF}.Release|x64.Build.0 = Release|Any CPU
		{0DEE2DF2-CBC4-4D97-9242-4A05D818FDEF}.Release|x86.ActiveCfg = Release|Any CPU
		{0DEE2DF2-CBC4-4D97-9242-4A05D818FDEF}.Release|x86.Build.0 = Release|Any CPU
		{6DAB5563-365A-4C08-A4E3-4D05DCF8D170}.Debug|Any CPU.ActiveCfg = Debug|Any CPU
		{6DAB5563-365A-4C08-A4E3-4D05DCF8D170}.Debug|Any CPU.Build.0 = Debug|Any CPU
		{6DAB5563-365A-4C08-A4E3-4D05DCF8D170}.Debug|x64.ActiveCfg = Debug|Any CPU
		{6DAB5563-365A-4C08-A4E3-4D05DCF8D170}.Debug|x64.Build.0 = Debug|Any CPU
		{6DAB5563-365A-4C08-A4E3-4D05DCF8D170}.Debug|x86.ActiveCfg = Debug|Any CPU
		{6DAB5563-365A-4C08-A4E3-4D05DCF8D170}.Debug|x86.Build.0 = Debug|Any CPU
		{6DAB5563-365A-4C08-A4E3-4D05DCF8D170}.Release|Any CPU.ActiveCfg = Release|Any CPU
		{6DAB5563-365A-4C08-A4E3-4D05DCF8D170}.Release|Any CPU.Build.0 = Release|Any CPU
		{6DAB5563-365A-4C08-A4E3-4D05DCF8D170}.Release|x64.ActiveCfg = Release|Any CPU
		{6DAB5563-365A-4C08-A4E3-4D05DCF8D170}.Release|x64.Build.0 = Release|Any CPU
		{6DAB5563-365A-4C08-A4E3-4D05DCF8D170}.Release|x86.ActiveCfg = Release|Any CPU
		{6DAB5563-365A-4C08-A4E3-4D05DCF8D170}.Release|x86.Build.0 = Release|Any CPU
		{0A398A8A-A396-4788-ACA4-81DA203B1DBF}.Debug|Any CPU.ActiveCfg = Debug|Any CPU
		{0A398A8A-A396-4788-ACA4-81DA203B1DBF}.Debug|Any CPU.Build.0 = Debug|Any CPU
		{0A398A8A-A396-4788-ACA4-81DA203B1DBF}.Debug|x64.ActiveCfg = Debug|Any CPU
		{0A398A8A-A396-4788-ACA4-81DA203B1DBF}.Debug|x64.Build.0 = Debug|Any CPU
		{0A398A8A-A396-4788-ACA4-81DA203B1DBF}.Debug|x86.ActiveCfg = Debug|Any CPU
		{0A398A8A-A396-4788-ACA4-81DA203B1DBF}.Debug|x86.Build.0 = Debug|Any CPU
		{0A398A8A-A396-4788-ACA4-81DA203B1DBF}.Release|Any CPU.ActiveCfg = Release|Any CPU
		{0A398A8A-A396-4788-ACA4-81DA203B1DBF}.Release|Any CPU.Build.0 = Release|Any CPU
		{0A398A8A-A396-4788-ACA4-81DA203B1DBF}.Release|x64.ActiveCfg = Release|Any CPU
		{0A398A8A-A396-4788-ACA4-81DA203B1DBF}.Release|x64.Build.0 = Release|Any CPU
		{0A398A8A-A396-4788-ACA4-81DA203B1DBF}.Release|x86.ActiveCfg = Release|Any CPU
		{0A398A8A-A396-4788-ACA4-81DA203B1DBF}.Release|x86.Build.0 = Release|Any CPU
		{9EAF9059-B770-48AA-BC94-6FB66A42D10F}.Debug|Any CPU.ActiveCfg = Debug|Any CPU
		{9EAF9059-B770-48AA-BC94-6FB66A42D10F}.Debug|Any CPU.Build.0 = Debug|Any CPU
		{9EAF9059-B770-48AA-BC94-6FB66A42D10F}.Debug|x64.ActiveCfg = Debug|Any CPU
		{9EAF9059-B770-48AA-BC94-6FB66A42D10F}.Debug|x64.Build.0 = Debug|Any CPU
		{9EAF9059-B770-48AA-BC94-6FB66A42D10F}.Debug|x86.ActiveCfg = Debug|Any CPU
		{9EAF9059-B770-48AA-BC94-6FB66A42D10F}.Debug|x86.Build.0 = Debug|Any CPU
		{9EAF9059-B770-48AA-BC94-6FB66A42D10F}.Release|Any CPU.ActiveCfg = Release|Any CPU
		{9EAF9059-B770-48AA-BC94-6FB66A42D10F}.Release|Any CPU.Build.0 = Release|Any CPU
		{9EAF9059-B770-48AA-BC94-6FB66A42D10F}.Release|x64.ActiveCfg = Release|Any CPU
		{9EAF9059-B770-48AA-BC94-6FB66A42D10F}.Release|x64.Build.0 = Release|Any CPU
		{9EAF9059-B770-48AA-BC94-6FB66A42D10F}.Release|x86.ActiveCfg = Release|Any CPU
		{9EAF9059-B770-48AA-BC94-6FB66A42D10F}.Release|x86.Build.0 = Release|Any CPU
		{680C47FB-C54D-4BA4-BF4B-69BB5B20B6CC}.Debug|Any CPU.ActiveCfg = Debug|Any CPU
		{680C47FB-C54D-4BA4-BF4B-69BB5B20B6CC}.Debug|Any CPU.Build.0 = Debug|Any CPU
		{680C47FB-C54D-4BA4-BF4B-69BB5B20B6CC}.Debug|x64.ActiveCfg = Debug|Any CPU
		{680C47FB-C54D-4BA4-BF4B-69BB5B20B6CC}.Debug|x64.Build.0 = Debug|Any CPU
		{680C47FB-C54D-4BA4-BF4B-69BB5B20B6CC}.Debug|x86.ActiveCfg = Debug|Any CPU
		{680C47FB-C54D-4BA4-BF4B-69BB5B20B6CC}.Debug|x86.Build.0 = Debug|Any CPU
		{680C47FB-C54D-4BA4-BF4B-69BB5B20B6CC}.Release|Any CPU.ActiveCfg = Release|Any CPU
		{680C47FB-C54D-4BA4-BF4B-69BB5B20B6CC}.Release|Any CPU.Build.0 = Release|Any CPU
		{680C47FB-C54D-4BA4-BF4B-69BB5B20B6CC}.Release|x64.ActiveCfg = Release|Any CPU
		{680C47FB-C54D-4BA4-BF4B-69BB5B20B6CC}.Release|x64.Build.0 = Release|Any CPU
		{680C47FB-C54D-4BA4-BF4B-69BB5B20B6CC}.Release|x86.ActiveCfg = Release|Any CPU
		{680C47FB-C54D-4BA4-BF4B-69BB5B20B6CC}.Release|x86.Build.0 = Release|Any CPU
		{DCB5EFF8-FF13-4949-A97A-FA05FA4A307C}.Debug|Any CPU.ActiveCfg = Debug|Any CPU
		{DCB5EFF8-FF13-4949-A97A-FA05FA4A307C}.Debug|Any CPU.Build.0 = Debug|Any CPU
		{DCB5EFF8-FF13-4949-A97A-FA05FA4A307C}.Debug|x64.ActiveCfg = Debug|Any CPU
		{DCB5EFF8-FF13-4949-A97A-FA05FA4A307C}.Debug|x64.Build.0 = Debug|Any CPU
		{DCB5EFF8-FF13-4949-A97A-FA05FA4A307C}.Debug|x86.ActiveCfg = Debug|Any CPU
		{DCB5EFF8-FF13-4949-A97A-FA05FA4A307C}.Debug|x86.Build.0 = Debug|Any CPU
		{DCB5EFF8-FF13-4949-A97A-FA05FA4A307C}.Release|Any CPU.ActiveCfg = Release|Any CPU
		{DCB5EFF8-FF13-4949-A97A-FA05FA4A307C}.Release|Any CPU.Build.0 = Release|Any CPU
		{DCB5EFF8-FF13-4949-A97A-FA05FA4A307C}.Release|x64.ActiveCfg = Release|Any CPU
		{DCB5EFF8-FF13-4949-A97A-FA05FA4A307C}.Release|x64.Build.0 = Release|Any CPU
		{DCB5EFF8-FF13-4949-A97A-FA05FA4A307C}.Release|x86.ActiveCfg = Release|Any CPU
		{DCB5EFF8-FF13-4949-A97A-FA05FA4A307C}.Release|x86.Build.0 = Release|Any CPU
		{829D9FC7-C7F6-4772-8DA1-279AB7FF7FFC}.Debug|Any CPU.ActiveCfg = Debug|Any CPU
		{829D9FC7-C7F6-4772-8DA1-279AB7FF7FFC}.Debug|Any CPU.Build.0 = Debug|Any CPU
		{829D9FC7-C7F6-4772-8DA1-279AB7FF7FFC}.Debug|x64.ActiveCfg = Debug|Any CPU
		{829D9FC7-C7F6-4772-8DA1-279AB7FF7FFC}.Debug|x64.Build.0 = Debug|Any CPU
		{829D9FC7-C7F6-4772-8DA1-279AB7FF7FFC}.Debug|x86.ActiveCfg = Debug|Any CPU
		{829D9FC7-C7F6-4772-8DA1-279AB7FF7FFC}.Debug|x86.Build.0 = Debug|Any CPU
		{829D9FC7-C7F6-4772-8DA1-279AB7FF7FFC}.Release|Any CPU.ActiveCfg = Release|Any CPU
		{829D9FC7-C7F6-4772-8DA1-279AB7FF7FFC}.Release|Any CPU.Build.0 = Release|Any CPU
		{829D9FC7-C7F6-4772-8DA1-279AB7FF7FFC}.Release|x64.ActiveCfg = Release|Any CPU
		{829D9FC7-C7F6-4772-8DA1-279AB7FF7FFC}.Release|x64.Build.0 = Release|Any CPU
		{829D9FC7-C7F6-4772-8DA1-279AB7FF7FFC}.Release|x86.ActiveCfg = Release|Any CPU
		{829D9FC7-C7F6-4772-8DA1-279AB7FF7FFC}.Release|x86.Build.0 = Release|Any CPU
		{D19DA0FA-75AE-4F6C-8A5B-0BA57AD2CA3F}.Debug|Any CPU.ActiveCfg = Debug|Any CPU
		{D19DA0FA-75AE-4F6C-8A5B-0BA57AD2CA3F}.Debug|Any CPU.Build.0 = Debug|Any CPU
		{D19DA0FA-75AE-4F6C-8A5B-0BA57AD2CA3F}.Debug|x64.ActiveCfg = Debug|Any CPU
		{D19DA0FA-75AE-4F6C-8A5B-0BA57AD2CA3F}.Debug|x64.Build.0 = Debug|Any CPU
		{D19DA0FA-75AE-4F6C-8A5B-0BA57AD2CA3F}.Debug|x86.ActiveCfg = Debug|Any CPU
		{D19DA0FA-75AE-4F6C-8A5B-0BA57AD2CA3F}.Debug|x86.Build.0 = Debug|Any CPU
		{D19DA0FA-75AE-4F6C-8A5B-0BA57AD2CA3F}.Release|Any CPU.ActiveCfg = Release|Any CPU
		{D19DA0FA-75AE-4F6C-8A5B-0BA57AD2CA3F}.Release|Any CPU.Build.0 = Release|Any CPU
		{D19DA0FA-75AE-4F6C-8A5B-0BA57AD2CA3F}.Release|x64.ActiveCfg = Release|Any CPU
		{D19DA0FA-75AE-4F6C-8A5B-0BA57AD2CA3F}.Release|x64.Build.0 = Release|Any CPU
		{D19DA0FA-75AE-4F6C-8A5B-0BA57AD2CA3F}.Release|x86.ActiveCfg = Release|Any CPU
		{D19DA0FA-75AE-4F6C-8A5B-0BA57AD2CA3F}.Release|x86.Build.0 = Release|Any CPU
		{2BF86411-B1CB-4A75-9A84-0BD9D9068B8A}.Debug|Any CPU.ActiveCfg = Debug|Any CPU
		{2BF86411-B1CB-4A75-9A84-0BD9D9068B8A}.Debug|Any CPU.Build.0 = Debug|Any CPU
		{2BF86411-B1CB-4A75-9A84-0BD9D9068B8A}.Debug|x64.ActiveCfg = Debug|Any CPU
		{2BF86411-B1CB-4A75-9A84-0BD9D9068B8A}.Debug|x64.Build.0 = Debug|Any CPU
		{2BF86411-B1CB-4A75-9A84-0BD9D9068B8A}.Debug|x86.ActiveCfg = Debug|Any CPU
		{2BF86411-B1CB-4A75-9A84-0BD9D9068B8A}.Debug|x86.Build.0 = Debug|Any CPU
		{2BF86411-B1CB-4A75-9A84-0BD9D9068B8A}.Release|Any CPU.ActiveCfg = Release|Any CPU
		{2BF86411-B1CB-4A75-9A84-0BD9D9068B8A}.Release|Any CPU.Build.0 = Release|Any CPU
		{2BF86411-B1CB-4A75-9A84-0BD9D9068B8A}.Release|x64.ActiveCfg = Release|Any CPU
		{2BF86411-B1CB-4A75-9A84-0BD9D9068B8A}.Release|x64.Build.0 = Release|Any CPU
		{2BF86411-B1CB-4A75-9A84-0BD9D9068B8A}.Release|x86.ActiveCfg = Release|Any CPU
		{2BF86411-B1CB-4A75-9A84-0BD9D9068B8A}.Release|x86.Build.0 = Release|Any CPU
	EndGlobalSection
	GlobalSection(SolutionProperties) = preSolution
		HideSolutionNode = FALSE
	EndGlobalSection
	GlobalSection(NestedProjects) = preSolution
		{4ABF9B95-0AD6-460D-B325-2D71E4A60700} = {B990B429-2A9A-46AF-AEF4-736656A808CD}
		{692D6891-9D30-450F-A6C8-8E78CC4ABFC1} = {B990B429-2A9A-46AF-AEF4-736656A808CD}
		{7F228B35-0CF2-4B68-A078-08438A97E0E9} = {31A68755-2EDD-4FD5-B556-C5458299ACE3}
		{8909B252-894A-49F5-9F68-D1DFBEB2302A} = {31A68755-2EDD-4FD5-B556-C5458299ACE3}
		{DDD5F08C-D5B0-4ACF-A124-8E6A8E9E0F53} = {953A969D-8533-44A6-8AC2-45D30E3C8467}
		{8197D5BC-694A-4F29-AAC7-EB9029149AA3} = {953A969D-8533-44A6-8AC2-45D30E3C8467}
		{5DA8617A-419F-4ACE-B5C2-DF9760F6C9A8} = {D040CFB4-83A8-409D-8D70-038A843A5F32}
		{958B8333-75B4-4E4A-88E2-BD0D7E243282} = {D040CFB4-83A8-409D-8D70-038A843A5F32}
		{58562D83-B04A-4DCA-BFD8-C5DFCDEBD787} = {4ABF9B95-0AD6-460D-B325-2D71E4A60700}
		{F1E21945-C475-4451-A28F-3FE04A0D1497} = {4ABF9B95-0AD6-460D-B325-2D71E4A60700}
		{CC74F3F0-C160-49E8-8F23-72D9006EEA94} = {4ABF9B95-0AD6-460D-B325-2D71E4A60700}
		{E3493871-83C7-43BB-AB33-DA80EDDCD8C9} = {4ABF9B95-0AD6-460D-B325-2D71E4A60700}
		{015F4D82-9541-45DF-82D5-9D3143E0F5D7} = {7F228B35-0CF2-4B68-A078-08438A97E0E9}
		{D174F6B5-B9BB-45A5-8765-801B7F4F0D1B} = {7F228B35-0CF2-4B68-A078-08438A97E0E9}
		{5FAF2BFC-1A59-442D-A9BA-B4E784468831} = {7F228B35-0CF2-4B68-A078-08438A97E0E9}
		{2DF17629-D208-4433-B882-1F564F69EC2E} = {7F228B35-0CF2-4B68-A078-08438A97E0E9}
		{D111F937-FF94-4BB7-8BBE-601F5F87475E} = {7F228B35-0CF2-4B68-A078-08438A97E0E9}
		{2ACB3C68-EDC4-4BEC-80AB-B842410ED1D8} = {7F228B35-0CF2-4B68-A078-08438A97E0E9}
		{C9428517-C799-449E-B870-28F462E2FB87} = {7F228B35-0CF2-4B68-A078-08438A97E0E9}
		{D686670F-D776-40AA-9436-7786FCC7E7A7} = {07ACDF19-F2B0-442B-AC6C-60C9D62B1D00}
		{AC4B34F6-0252-4CB6-A541-67D810CD4797} = {07ACDF19-F2B0-442B-AC6C-60C9D62B1D00}
		{8B698A0D-D38E-40DC-9AC8-1846E2026A01} = {D686670F-D776-40AA-9436-7786FCC7E7A7}
		{C1747847-D257-4993-9FB5-5F8453275127} = {D686670F-D776-40AA-9436-7786FCC7E7A7}
		{5BD1B061-D01F-40FF-9337-E05E777EB886} = {D686670F-D776-40AA-9436-7786FCC7E7A7}
		{CF039940-5AC9-4FE0-9A26-77953A5A2051} = {D686670F-D776-40AA-9436-7786FCC7E7A7}
		{B99283E0-10D3-4DCD-9A58-75C9D0722519} = {D686670F-D776-40AA-9436-7786FCC7E7A7}
		{062522FF-95D0-44FD-B48A-D1018EBE6288} = {5DA8617A-419F-4ACE-B5C2-DF9760F6C9A8}
		{8E8D357D-F062-4E9C-8994-7D1BC4D04707} = {5DA8617A-419F-4ACE-B5C2-DF9760F6C9A8}
		{EF0400CF-B692-4F79-97D5-F4BCDB86C71C} = {5DA8617A-419F-4ACE-B5C2-DF9760F6C9A8}
		{45AF5086-C486-46B5-956C-E2C839CB13C6} = {5DA8617A-419F-4ACE-B5C2-DF9760F6C9A8}
		{F86207D8-A9FF-41D8-A571-B2DA7FA56120} = {5DA8617A-419F-4ACE-B5C2-DF9760F6C9A8}
		{42680DCA-5ADA-45D0-B333-C8F753F95F9F} = {DDD5F08C-D5B0-4ACF-A124-8E6A8E9E0F53}
		{3C333E73-B546-4349-93C9-D9B7BB48BCB7} = {DDD5F08C-D5B0-4ACF-A124-8E6A8E9E0F53}
		{D10FA0F1-3869-4853-89BB-461148D8F557} = {DDD5F08C-D5B0-4ACF-A124-8E6A8E9E0F53}
		{4F949A7C-7B04-47A4-A1FB-72D804FEDD37} = {DDD5F08C-D5B0-4ACF-A124-8E6A8E9E0F53}
		{F7AA23F3-506D-49A4-A954-2D85441193A4} = {73CA9D6A-316B-4873-B33F-C9E010787924}
		{0DEE2DF2-CBC4-4D97-9242-4A05D818FDEF} = {73CA9D6A-316B-4873-B33F-C9E010787924}
		{6DAB5563-365A-4C08-A4E3-4D05DCF8D170} = {73CA9D6A-316B-4873-B33F-C9E010787924}
		{0A398A8A-A396-4788-ACA4-81DA203B1DBF} = {73CA9D6A-316B-4873-B33F-C9E010787924}
		{9EAF9059-B770-48AA-BC94-6FB66A42D10F} = {B2592B1C-D03A-41F1-AFAA-7FDC23938F45}
		{680C47FB-C54D-4BA4-BF4B-69BB5B20B6CC} = {B2592B1C-D03A-41F1-AFAA-7FDC23938F45}
		{DCB5EFF8-FF13-4949-A97A-FA05FA4A307C} = {B2592B1C-D03A-41F1-AFAA-7FDC23938F45}
		{060F6D60-BD41-7F92-DB19-802356C054E0} = {1AE8ACA6-933B-BF2A-3671-3E2EAC007D16}
		{829D9FC7-C7F6-4772-8DA1-279AB7FF7FFC} = {060F6D60-BD41-7F92-DB19-802356C054E0}
		{D19DA0FA-75AE-4F6C-8A5B-0BA57AD2CA3F} = {060F6D60-BD41-7F92-DB19-802356C054E0}
		{2BF86411-B1CB-4A75-9A84-0BD9D9068B8A} = {060F6D60-BD41-7F92-DB19-802356C054E0}
	EndGlobalSection
EndGlobal
