{
  "version": 1,
  "dependencies": {
    "net9.0": {
      "Microsoft.Extensions.Configuration.Abstractions": {
        "type": "Transitive",
        "resolved": "9.0.18",
        "contentHash": "jgC5SZeK94t8DXl836ifIM5gScNqknkOwISrY503eWg7AHBrv+fnwty+C9n35H4WvBjs8OY21jPlRRf7ESBK/g==",
        "dependencies": {
          "Microsoft.Extensions.Primitives": "9.0.18"
        }
      },
      "Microsoft.Extensions.Primitives": {
        "type": "Transitive",
        "resolved": "9.0.18",
        "contentHash": "hfHudMC5zDlwMrC0HiHOJesSHMvM+CdqjomjcV/YVzFq5dfSpBRvyRLm1n1Bfh41ZpQnyJzqX+YEo95BAmcDAQ=="
      },
      "tseai.domain": {
        "type": "Project",
        "dependencies": {
          "TSEAI.Shared.Domain": "[1.0.0, )"
        }
      },
      "tseai.shared.application": {
        "type": "Project",
        "dependencies": {
          "Microsoft.Extensions.Configuration.Abstractions": "[9.0.18, )",
          "TSEAI.Shared.Domain": "[1.0.0, )"
        }
      },
      "tseai.shared.domain": {
        "type": "Project"
      }
    }
  }
}